
Microsoft Visual Studio Solution File, Format Version 12.00
# Visual Studio Version 16
VisualStudioVersion = 16.0.30104.148
MinimumVisualStudioVersion = 10.0.40219.1
Project("{FAE04EC0-301F-11D3-BF4B-00C04F79EFBC}") = "PressDetector", "PressDetector\PressDetector.csproj", "{136B3E25-A80A-490E-A298-DC172B4102CE}"
EndProject
Global
	GlobalSection(SolutionConfigurationPlatforms) = preSolution
		Debug|Any CPU = Debug|Any CPU
		Release|Any CPU = Release|Any CPU
	EndGlobalSection
	GlobalSection(ProjectConfigurationPlatforms) = postSolution
		{136B3E25-A80A-490E-A298-DC172B4102CE}.Debug|Any CPU.ActiveCfg = Debug|Any CPU
		{136B3E25-A80A-490E-A298-DC172B4102CE}.Debug|Any CPU.Build.0 = Debug|Any CPU
		{136B3E25-A80A-490E-A298-DC172B4102CE}.Release|Any CPU.ActiveCfg = Release|Any CPU
		{136B3E25-A80A-490E-A298-DC172B4102CE}.Release|Any CPU.Build.0 = Release|Any CPU
	EndGlobalSection
	GlobalSection(SolutionProperties) = preSolution
		HideSolutionNode = FALSE
	EndGlobalSection
	GlobalSection(ExtensibilityGlobals) = postSolution
		SolutionGuid = {C8B9C6B8-5A0F-4B34-A888-E680F2DAE746}
	EndGlobalSection
EndGlobal
